
Microsoft Visual Studio Solution File, Format Version 12.00
# Visual Studio Version 17
VisualStudioVersion = 17.4.33205.214
MinimumVisualStudioVersion = 10.0.40219.1
Project("{9A19103F-16F7-4668-BE54-9A1E7A4F7556}") = "ClientsApi", "ClientsApi\ClientsApi.csproj", "{67E18D21-DAAF-46C6-873C-5260C112AF56}"
EndProject
Project("{9A19103F-16F7-4668-BE54-9A1E7A4F7556}") = "ArticlesApi", "ArticlesApi\ArticlesApi.csproj", "{FC84865B-A152-43BF-89A7-6E86E2FD46D8}"
EndProject
Project("{9A19103F-16F7-4668-BE54-9A1E7A4F7556}") = "GatewayApi", "GatewayApi\GatewayApi.csproj", "{C5EEC6B9-381A-413E-8D57-BB1E782B4360}"
EndProject
Project("{9A19103F-16F7-4668-BE54-9A1E7A4F7556}") = "InterventionsApi", "InterventionsApi\InterventionsApi.csproj", "{D34B59E2-6188-427A-B8EC-2E2A5E4F8E11}"
EndProject
Project("{FAE04EC0-301F-11D3-BF4B-00C04F79EFBC}") = "Shared", "Shared\Shared.csproj", "{4CFAD3AF-887B-4B74-BEBC-F325D22E3257}"
EndProject
Global
	GlobalSection(SolutionConfigurationPlatforms) = preSolution
		Debug|Any CPU = Debug|Any CPU
		Release|Any CPU = Release|Any CPU
	EndGlobalSection
	GlobalSection(ProjectConfigurationPlatforms) = postSolution
		{67E18D21-DAAF-46C6-873C-5260C112AF56}.Debug|Any CPU.ActiveCfg = Debug|Any CPU
		{67E18D21-DAAF-46C6-873C-5260C112AF56}.Debug|Any CPU.Build.0 = Debug|Any CPU
		{67E18D21-DAAF-46C6-873C-5260C112AF56}.Release|Any CPU.ActiveCfg = Release|Any CPU
		{67E18D21-DAAF-46C6-873C-5260C112AF56}.Release|Any CPU.Build.0 = Release|Any CPU
		{FC84865B-A152-43BF-89A7-6E86E2FD46D8}.Debug|Any CPU.ActiveCfg = Debug|Any CPU
		{FC84865B-A152-43BF-89A7-6E86E2FD46D8}.Debug|Any CPU.Build.0 = Debug|Any CPU
		{FC84865B-A152-43BF-89A7-6E86E2FD46D8}.Release|Any CPU.ActiveCfg = Release|Any CPU
		{FC84865B-A152-43BF-89A7-6E86E2FD46D8}.Release|Any CPU.Build.0 = Release|Any CPU
		{C5EEC6B9-381A-413E-8D57-BB1E782B4360}.Debug|Any CPU.ActiveCfg = Debug|Any CPU
		{C5EEC6B9-381A-413E-8D57-BB1E782B4360}.Debug|Any CPU.Build.0 = Debug|Any CPU
		{C5EEC6B9-381A-413E-8D57-BB1E782B4360}.Release|Any CPU.ActiveCfg = Release|Any CPU
		{C5EEC6B9-381A-413E-8D57-BB1E782B4360}.Release|Any CPU.Build.0 = Release|Any CPU
		{D34B59E2-6188-427A-B8EC-2E2A5E4F8E11}.Debug|Any CPU.ActiveCfg = Debug|Any CPU
		{D34B59E2-6188-427A-B8EC-2E2A5E4F8E11}.Debug|Any CPU.Build.0 = Debug|Any CPU
		{D34B59E2-6188-427A-B8EC-2E2A5E4F8E11}.Release|Any CPU.ActiveCfg = Release|Any CPU
		{D34B59E2-6188-427A-B8EC-2E2A5E4F8E11}.Release|Any CPU.Build.0 = Release|Any CPU
		{4CFAD3AF-887B-4B74-BEBC-F325D22E3257}.Debug|Any CPU.ActiveCfg = Debug|Any CPU
		{4CFAD3AF-887B-4B74-BEBC-F325D22E3257}.Debug|Any CPU.Build.0 = Debug|Any CPU
		{4CFAD3AF-887B-4B74-BEBC-F325D22E3257}.Release|Any CPU.ActiveCfg = Release|Any CPU
		{4CFAD3AF-887B-4B74-BEBC-F325D22E3257}.Release|Any CPU.Build.0 = Release|Any CPU
	EndGlobalSection
	GlobalSection(SolutionProperties) = preSolution
		HideSolutionNode = FALSE
	EndGlobalSection
	GlobalSection(ExtensibilityGlobals) = postSolution
		SolutionGuid = {F70BAA95-8DE6-47DA-9DAE-072464AC2355}
	EndGlobalSection
EndGlobal
